
Microsoft Visual Studio Solution File, Format Version 12.00
# Visual Studio Version 17
VisualStudioVersion = 17.0.31903.59
MinimumVisualStudioVersion = 10.0.40219.1
Project("{2150E333-8FDC-42A3-9474-1A3956D46DE8}") = "src", "src", "{827E0CD3-B72D-47B6-A68D-7590B98EB39B}"
EndProject
Project("{2150E333-8FDC-42A3-9474-1A3956D46DE8}") = "Core", "Core", "{8D626EA8-CB54-BC41-363A-217881BEBA6E}"
EndProject
Project("{FAE04EC0-301F-11D3-BF4B-00C04F79EFBC}") = "132ndWebsite.Core", "src\Core\132ndWebsite.Core.csproj", "{BC44328A-CBA2-4DDD-B79F-01BA37E87A44}"
EndProject
Project("{2150E333-8FDC-42A3-9474-1A3956D46DE8}") = "Infrastructure", "Infrastructure", "{9048EB7F-3875-A59E-E36B-5BD4C6F2A282}"
EndProject
Project("{FAE04EC0-301F-11D3-BF4B-00C04F79EFBC}") = "132ndWebsite.Infrastructure", "src\Infrastructure\132ndWebsite.Infrastructure.csproj", "{21C5CB3A-A153-42D2-874F-62EE88F70BDD}"
EndProject
Project("{2150E333-8FDC-42A3-9474-1A3956D46DE8}") = "API", "API", "{81034408-37C8-1011-444E-4C15C2FADA8E}"
EndProject
Project("{FAE04EC0-301F-11D3-BF4B-00C04F79EFBC}") = "132ndWebsite.API", "src\API\132ndWebsite.API.csproj", "{A8A40694-F610-4966-9945-0980896CB7EA}"
EndProject
Project("{FAE04EC0-301F-11D3-BF4B-00C04F79EFBC}") = "132ndWebsite.Application", "src\Application\132ndWebsite.Application.csproj", "{35111CF2-0640-48AE-B63E-BE14418689F0}"
EndProject
Global
	GlobalSection(SolutionConfigurationPlatforms) = preSolution
		Debug|Any CPU = Debug|Any CPU
		Debug|x64 = Debug|x64
		Debug|x86 = Debug|x86
		Release|Any CPU = Release|Any CPU
		Release|x64 = Release|x64
		Release|x86 = Release|x86
	EndGlobalSection
	GlobalSection(ProjectConfigurationPlatforms) = postSolution
		{BC44328A-CBA2-4DDD-B79F-01BA37E87A44}.Debug|Any CPU.ActiveCfg = Debug|Any CPU
		{BC44328A-CBA2-4DDD-B79F-01BA37E87A44}.Debug|Any CPU.Build.0 = Debug|Any CPU
		{BC44328A-CBA2-4DDD-B79F-01BA37E87A44}.Debug|x64.ActiveCfg = Debug|Any CPU
		{BC44328A-CBA2-4DDD-B79F-01BA37E87A44}.Debug|x64.Build.0 = Debug|Any CPU
		{BC44328A-CBA2-4DDD-B79F-01BA37E87A44}.Debug|x86.ActiveCfg = Debug|Any CPU
		{BC44328A-CBA2-4DDD-B79F-01BA37E87A44}.Debug|x86.Build.0 = Debug|Any CPU
		{BC44328A-CBA2-4DDD-B79F-01BA37E87A44}.Release|Any CPU.ActiveCfg = Release|Any CPU
		{BC44328A-CBA2-4DDD-B79F-01BA37E87A44}.Release|Any CPU.Build.0 = Release|Any CPU
		{BC44328A-CBA2-4DDD-B79F-01BA37E87A44}.Release|x64.ActiveCfg = Release|Any CPU
		{BC44328A-CBA2-4DDD-B79F-01BA37E87A44}.Release|x64.Build.0 = Release|Any CPU
		{BC44328A-CBA2-4DDD-B79F-01BA37E87A44}.Release|x86.ActiveCfg = Release|Any CPU
		{BC44328A-CBA2-4DDD-B79F-01BA37E87A44}.Release|x86.Build.0 = Release|Any CPU
		{21C5CB3A-A153-42D2-874F-62EE88F70BDD}.Debug|Any CPU.ActiveCfg = Debug|Any CPU
		{21C5CB3A-A153-42D2-874F-62EE88F70BDD}.Debug|Any CPU.Build.0 = Debug|Any CPU
		{21C5CB3A-A153-42D2-874F-62EE88F70BDD}.Debug|x64.ActiveCfg = Debug|Any CPU
		{21C5CB3A-A153-42D2-874F-62EE88F70BDD}.Debug|x64.Build.0 = Debug|Any CPU
		{21C5CB3A-A153-42D2-874F-62EE88F70BDD}.Debug|x86.ActiveCfg = Debug|Any CPU
		{21C5CB3A-A153-42D2-874F-62EE88F70BDD}.Debug|x86.Build.0 = Debug|Any CPU
		{21C5CB3A-A153-42D2-874F-62EE88F70BDD}.Release|Any CPU.ActiveCfg = Release|Any CPU
		{21C5CB3A-A153-42D2-874F-62EE88F70BDD}.Release|Any CPU.Build.0 = Release|Any CPU
		{21C5CB3A-A153-42D2-874F-62EE88F70BDD}.Release|x64.ActiveCfg = Release|Any CPU
		{21C5CB3A-A153-42D2-874F-62EE88F70BDD}.Release|x64.Build.0 = Release|Any CPU
		{21C5CB3A-A153-42D2-874F-62EE88F70BDD}.Release|x86.ActiveCfg = Release|Any CPU
		{21C5CB3A-A153-42D2-874F-62EE88F70BDD}.Release|x86.Build.0 = Release|Any CPU
		{A8A40694-F610-4966-9945-0980896CB7EA}.Debug|Any CPU.ActiveCfg = Debug|Any CPU
		{A8A40694-F610-4966-9945-0980896CB7EA}.Debug|Any CPU.Build.0 = Debug|Any CPU
		{A8A40694-F610-4966-9945-0980896CB7EA}.Debug|x64.ActiveCfg = Debug|Any CPU
		{A8A40694-F610-4966-9945-0980896CB7EA}.Debug|x64.Build.0 = Debug|Any CPU
		{A8A40694-F610-4966-9945-0980896CB7EA}.Debug|x86.ActiveCfg = Debug|Any CPU
		{A8A40694-F610-4966-9945-0980896CB7EA}.Debug|x86.Build.0 = Debug|Any CPU
		{A8A40694-F610-4966-9945-0980896CB7EA}.Release|Any CPU.ActiveCfg = Release|Any CPU
		{A8A40694-F610-4966-9945-0980896CB7EA}.Release|Any CPU.Build.0 = Release|Any CPU
		{A8A40694-F610-4966-9945-0980896CB7EA}.Release|x64.ActiveCfg = Release|Any CPU
		{A8A40694-F610-4966-9945-0980896CB7EA}.Release|x64.Build.0 = Release|Any CPU
		{A8A40694-F610-4966-9945-0980896CB7EA}.Release|x86.ActiveCfg = Release|Any CPU
		{A8A40694-F610-4966-9945-0980896CB7EA}.Release|x86.Build.0 = Release|Any CPU
		{35111CF2-0640-48AE-B63E-BE14418689F0}.Debug|Any CPU.ActiveCfg = Debug|Any CPU
		{35111CF2-0640-48AE-B63E-BE14418689F0}.Debug|Any CPU.Build.0 = Debug|Any CPU
		{35111CF2-0640-48AE-B63E-BE14418689F0}.Debug|x64.ActiveCfg = Debug|Any CPU
		{35111CF2-0640-48AE-B63E-BE14418689F0}.Debug|x64.Build.0 = Debug|Any CPU
		{35111CF2-0640-48AE-B63E-BE14418689F0}.Debug|x86.ActiveCfg = Debug|Any CPU
		{35111CF2-0640-48AE-B63E-BE14418689F0}.Debug|x86.Build.0 = Debug|Any CPU
		{35111CF2-0640-48AE-B63E-BE14418689F0}.Release|Any CPU.ActiveCfg = Release|Any CPU
		{35111CF2-0640-48AE-B63E-BE14418689F0}.Release|Any CPU.Build.0 = Release|Any CPU
		{35111CF2-0640-48AE-B63E-BE14418689F0}.Release|x64.ActiveCfg = Release|Any CPU
		{35111CF2-0640-48AE-B63E-BE14418689F0}.Release|x64.Build.0 = Release|Any CPU
		{35111CF2-0640-48AE-B63E-BE14418689F0}.Release|x86.ActiveCfg = Release|Any CPU
		{35111CF2-0640-48AE-B63E-BE14418689F0}.Release|x86.Build.0 = Release|Any CPU
	EndGlobalSection
	GlobalSection(SolutionProperties) = preSolution
		HideSolutionNode = FALSE
	EndGlobalSection
	GlobalSection(NestedProjects) = preSolution
		{8D626EA8-CB54-BC41-363A-217881BEBA6E} = {827E0CD3-B72D-47B6-A68D-7590B98EB39B}
		{BC44328A-CBA2-4DDD-B79F-01BA37E87A44} = {8D626EA8-CB54-BC41-363A-217881BEBA6E}
		{9048EB7F-3875-A59E-E36B-5BD4C6F2A282} = {827E0CD3-B72D-47B6-A68D-7590B98EB39B}
		{21C5CB3A-A153-42D2-874F-62EE88F70BDD} = {9048EB7F-3875-A59E-E36B-5BD4C6F2A282}
		{81034408-37C8-1011-444E-4C15C2FADA8E} = {827E0CD3-B72D-47B6-A68D-7590B98EB39B}
		{A8A40694-F610-4966-9945-0980896CB7EA} = {81034408-37C8-1011-444E-4C15C2FADA8E}
		{35111CF2-0640-48AE-B63E-BE14418689F0} = {827E0CD3-B72D-47B6-A68D-7590B98EB39B}
	EndGlobalSection
EndGlobal
